# This file is automatically @generated by Poetry 1.8.2 and should not be changed by hand.

[[package]]
name = "pygame-ce"
version = "2.4.1"
description = "Python Game Development"
optional = false
python-versions = ">=3.8"
files = [
    {file = "pygame-ce-2.4.1.tar.gz", hash = "sha256:70a84aa1417c633a0fd6754ffa5dc92ee1b9aeb70baaa52c8c8c94a7c6db9cf0"},
    {file = "pygame_ce-2.4.1-cp310-cp310-macosx_10_11_x86_64.whl", hash = "sha256:d1a932298657ea63fedba0c5fdff018ff5c7a92718df58102de23f0646f1720a"},
    {file = "pygame_ce-2.4.1-cp310-cp310-macosx_11_0_arm64.whl", hash = "sha256:560e502bb53678bd323011b486ac140a31579e2c792b1c61fcd0a375eb3bb579"},
    {file = "pygame_ce-2.4.1-cp310-cp310-manylinux_2_17_aarch64.manylinux2014_aarch64.whl", hash = "sha256:ba19c6f260e3df61fdc4782755c0adac62290ba029207c2a214730cb865e0a1f"},
    {file = "pygame_ce-2.4.1-cp310-cp310-manylinux_2_17_i686.manylinux2014_i686.whl", hash = "sha256:0e11cdef4c3c76d84f2c2fab61cc05ad118e2161768ddc8ff2db6b971e60af12"},
    {file = "pygame_ce-2.4.1-cp310-cp310-manylinux_2_17_x86_64.manylinux2014_x86_64.whl", hash = "sha256:51dac117469b16cd97bcd74f5e16e085fa44c96346108ee8821843c02877818a"},
    {file = "pygame_ce-2.4.1-cp310-cp310-win32.whl", hash = "sha256:3d7abf5f174ab5bce2a94914506c80ce979722b7002e23c1b51ef11d1aa30409"},
    {file = "pygame_ce-2.4.1-cp310-cp310-win_amd64.whl", hash = "sha256:5b7b2b2f75b833912b620b04a2f1e17cd3a45414d4b8ebd2cdb67c74bdd9b734"},
    {file = "pygame_ce-2.4.1-cp311-cp311-macosx_10_11_x86_64.whl", hash = "sha256:9b48f93b2a7cbd4c7ffe949c39129f7ce07942a8de3371f6b56347361cf601b0"},
    {file = "pygame_ce-2.4.1-cp311-cp311-macosx_11_0_arm64.whl", hash = "sha256:5b1b354de323b516af2660f14f2efe24ad3a818d859cfb99fbfcedda01518bcc"},
    {file = "pygame_ce-2.4.1-cp311-cp311-manylinux_2_17_aarch64.manylinux2014_aarch64.whl", hash = "sha256:4404b63202fc6328fd80cc2ee335e0e22c36f012a33733ad61e1c41de15182d9"},
    {file = "pygame_ce-2.4.1-cp311-cp311-manylinux_2_17_i686.manylinux2014_i686.whl", hash = "sha256:9cd31f46391262e0c31068e9957b8a6d569119eedb9a2452720dd4736735369f"},
    {file = "pygame_ce-2.4.1-cp311-cp311-manylinux_2_17_x86_64.manylinux2014_x86_64.whl", hash = "sha256:2156c7c4a06a27c5372b72d63e9d32bbedf9dc0ce22d72f06eea00246c2d73b6"},
    {file = "pygame_ce-2.4.1-cp311-cp311-win32.whl", hash = "sha256:d6f832b6b352e1fd6fc67074a00a2b082c18e6e6bc4190e827dabe9605fba5c1"},
    {file = "pygame_ce-2.4.1-cp311-cp311-win_amd64.whl", hash = "sha256:60f4ff63be4fa3b5a20f014988a5bb588be176acc774ca079c5494f500b53295"},
    {file = "pygame_ce-2.4.1-cp312-cp312-macosx_10_11_x86_64.whl", hash = "sha256:a197952d4446b9cffcfc3c0b3ae396a36279925ad3ba920f85327e87c903608d"},
    {file = "pygame_ce-2.4.1-cp312-cp312-macosx_11_0_arm64.whl", hash = "sha256:6fca3cf129daf8a75a1fac441756600addfd2f47fcfbb24cc744c6824cec9076"},
    {file = "pygame_ce-2.4.1-cp312-cp312-manylinux_2_17_aarch64.manylinux2014_aarch64.whl", hash = "sha256:3495d07eb78f4a4e7dc46b0a6fc1d9fbbaaa0205cbcfaf19108409fbf837018b"},
    {file = "pygame_ce-2.4.1-cp312-cp312-manylinux_2_17_i686.manylinux2014_i686.whl", hash = "sha256:bb34ecc0989e2852c14746828c6c696263b60e4bf67f18987dde9df3e1de09dc"},
    {file = "pygame_ce-2.4.1-cp312-cp312-manylinux_2_17_x86_64.manylinux2014_x86_64.whl", hash = "sha256:a1635743e0daa9a09992339b25f09c802c45e1ec93c8e600c5d3bd2639ad5d97"},
    {file = "pygame_ce-2.4.1-cp312-cp312-win32.whl", hash = "sha256:50f315e3002373650d4ca4d8e4bdc34fdfd5d2c1b7e1bbf36a7dc78db68de7e5"},
    {file = "pygame_ce-2.4.1-cp312-cp312-win_amd64.whl", hash = "sha256:42a324f14e4f8485ec180cd7bc912caf48d580599c58d6caa1d83b5e5ed251c7"},
    {file = "pygame_ce-2.4.1-cp38-cp38-macosx_10_11_x86_64.whl", hash = "sha256:e37db7e8555a845fdf2ad2bf91ef7ba3af363d79f7f7a706139fe340860319cc"},
    {file = "pygame_ce-2.4.1-cp38-cp38-macosx_11_0_arm64.whl", hash = "sha256:6bb68112dcb5cadc82d8166d08cca7ebf6d512d59f0d30c972f302de4dfd2106"},
    {file = "pygame_ce-2.4.1-cp38-cp38-manylinux_2_17_aarch64.manylinux2014_aarch64.whl", hash = "sha256:4086732bc167a515d76d54caf79b0cbee36dac7f01547f5743b5b677a82bd315"},
    {file = "pygame_ce-2.4.1-cp38-cp38-manylinux_2_17_i686.manylinux2014_i686.whl", hash = "sha256:51cba484d7a94e2ceb5360eef0157778ddcb34afbf8ffb7045e9f57edb8ad105"},
    {file = "pygame_ce-2.4.1-cp38-cp38-manylinux_2_17_x86_64.manylinux2014_x86_64.whl", hash = "sha256:50fd863edd88a635e1098acd082e9e6c02c7fd40725cc4da1bfa67696ea8e126"},
    {file = "pygame_ce-2.4.1-cp38-cp38-win32.whl", hash = "sha256:928a91744a30b24a8c553ae4809b76e738ff910e65866be42ab9c89909743077"},
    {file = "pygame_ce-2.4.1-cp38-cp38-win_amd64.whl", hash = "sha256:0ead167d28712716bbac2a26b851b0e9657f5ab2edb163f3d24b1d32de46efe3"},
    {file = "pygame_ce-2.4.1-cp39-cp39-macosx_10_11_x86_64.whl", hash = "sha256:b6b9aafa538b7102b290fd533caf84f869f747a187bf9e68010e12a40dedfb9e"},
    {file = "pygame_ce-2.4.1-cp39-cp39-macosx_11_0_arm64.whl", hash = "sha256:be5fea1b601f7f4834d53b3dc178e8a96a5c1dcfbcd13aba9e94681c98ab146e"},
    {file = "pygame_ce-2.4.1-cp39-cp39-manylinux_2_17_aarch64.manylinux2014_aarch64.whl", hash = "sha256:7abef7fc4b49bced79a0e180e76e941b5507b9ff8901167d1fe6d6e18bf24f79"},
    {file = "pygame_ce-2.4.1-cp39-cp39-manylinux_2_17_i686.manylinux2014_i686.whl", hash = "sha256:5c3d786b165975fa18b74e6addff70c3c3fed2df3c7d26c82337eb24a60920c0"},
    {file = "pygame_ce-2.4.1-cp39-cp39-manylinux_2_17_x86_64.manylinux2014_x86_64.whl", hash = "sha256:54f4b4936fb204f7fe9effe1ced306da6d06ccd7482224ea75eb09c594a27e24"},
    {file = "pygame_ce-2.4.1-cp39-cp39-win32.whl", hash = "sha256:2f69b98d203a44e3ba1fe0e8e71dcac3b230a345d59980e927639f58e68c97d6"},
    {file = "pygame_ce-2.4.1-cp39-cp39-win_amd64.whl", hash = "sha256:8bf8c85edb6f9dcd97737ddcb61eb5cee5541ef5007955c6c7417af0159a5a31"},
    {file = "pygame_ce-2.4.1-pp310-pypy310_pp73-macosx_10_11_x86_64.whl", hash = "sha256:9695cd834b962faf654edcb81a7a69768b0409c341aa63cb5443da98fef69c68"},
    {file = "pygame_ce-2.4.1-pp310-pypy310_pp73-manylinux_2_17_aarch64.manylinux2014_aarch64.whl", hash = "sha256:6529ce436de8b420797ec05a963d6ecfd2be6b33c8d251b9abebfdef5bfa1a6f"},
    {file = "pygame_ce-2.4.1-pp310-pypy310_pp73-manylinux_2_17_i686.manylinux2014_i686.whl", hash = "sha256:2626966acea89c15bcd09f19589e104cda04692ff9dcccf3e97999e17f7b318f"},
    {file = "pygame_ce-2.4.1-pp310-pypy310_pp73-manylinux_2_17_x86_64.manylinux2014_x86_64.whl", hash = "sha256:752103605b9b6485373c234488abb05f50929d915799784a62dd1782ae17e489"},
    {file = "pygame_ce-2.4.1-pp310-pypy310_pp73-win_amd64.whl", hash = "sha256:a67cde0186b415fe2d5815f1d2d4afd7bed261465eaba00f075e5f549b975761"},
    {file = "pygame_ce-2.4.1-pp38-pypy38_pp73-macosx_10_11_x86_64.whl", hash = "sha256:9d304812feaad6345ddcf0c86f448a97e6dc6337e45b7d55b1a3308f55d728e7"},
    {file = "pygame_ce-2.4.1-pp38-pypy38_pp73-manylinux_2_17_aarch64.manylinux2014_aarch64.whl", hash = "sha256:7e8acddf0c42163ec6fa3e24d65c179ca840bc304b826882ec17849ced49e649"},
    {file = "pygame_ce-2.4.1-pp38-pypy38_pp73-manylinux_2_17_i686.manylinux2014_i686.whl", hash = "sha256:28d5d812344e9151d05b4cf2714cc04d6fcb28cf8fe4c682c207c7483634a428"},
    {file = "pygame_ce-2.4.1-pp38-pypy38_pp73-manylinux_2_17_x86_64.manylinux2014_x86_64.whl", hash = "sha256:c5402524398219a88c73eab0584e880e8c1e029ecbdb4e94bc2bde566b6ec69e"},
    {file = "pygame_ce-2.4.1-pp38-pypy38_pp73-win_amd64.whl", hash = "sha256:3897ae41dd59a59c4d690c81c53c076a3ea022176684d1869fb46ba98b06ebb2"},
    {file = "pygame_ce-2.4.1-pp39-pypy39_pp73-macosx_10_11_x86_64.whl", hash = "sha256:2beedd02a1a6b25bf7a145def1164e160001ef34556edfec9968bbcb8ad05cc3"},
    {file = "pygame_ce-2.4.1-pp39-pypy39_pp73-manylinux_2_17_aarch64.manylinux2014_aarch64.whl", hash = "sha256:32c7d1bc60d9375188f6586b0e30a66db07443739f1c119e7cc2bc7c8ad898f4"},
    {file = "pygame_ce-2.4.1-pp39-pypy39_pp73-manylinux_2_17_i686.manylinux2014_i686.whl", hash = "sha256:1598a8e43e39b775066265696bf8e7e55b3e5205670f167295702ee661547db2"},
    {file = "pygame_ce-2.4.1-pp39-pypy39_pp73-manylinux_2_17_x86_64.manylinux2014_x86_64.whl", hash = "sha256:875c359b278b44905e7bde3bd9507ed0aa66e85efc7fce4df3e671b20af079b3"},
    {file = "pygame_ce-2.4.1-pp39-pypy39_pp73-win_amd64.whl", hash = "sha256:e67e3a749c581d198f3e512d8750671749e233cd8712d386086de04cebf556e3"},
]

[metadata]
lock-version = "2.0"
python-versions = "^3.11"
content-hash = "07c627107c4f31a260eddb3ee592a3b7c9c1f5e9a8ed264c1caa166ece09b81a"
