# This file is automatically @generated by Poetry 1.8.3 and should not be changed by hand.

[[package]]
name = "pygame-ce"
version = "2.5.0"
description = "Python Game Development"
optional = false
python-versions = ">=3.8"
files = [
    {file = "pygame_ce-2.5.0-cp310-cp310-macosx_10_11_x86_64.whl", hash = "sha256:408fcfef84a93844c077b1cb7323886548426b2f074845998b43d2029440cd12"},
    {file = "pygame_ce-2.5.0-cp310-cp310-macosx_11_0_arm64.whl", hash = "sha256:7c45632bec67f6fffb2caa5b09511c2796b42c54680477e36253e9b4b3dee7ff"},
    {file = "pygame_ce-2.5.0-cp310-cp310-manylinux_2_17_aarch64.manylinux2014_aarch64.whl", hash = "sha256:d2bf7f4435c66b7f0f8a125c5e4c47a649b627954326f1258de7f2c9bf7e6c0b"},
    {file = "pygame_ce-2.5.0-cp310-cp310-manylinux_2_17_i686.manylinux2014_i686.whl", hash = "sha256:10a61373f1a98e483dee70b21a96f378167ae1a718a3995fce7acc7699059574"},
    {file = "pygame_ce-2.5.0-cp310-cp310-manylinux_2_17_x86_64.manylinux2014_x86_64.whl", hash = "sha256:ce200bec2d40eb15e29a948d7baa894c771fc77261f1a6511e90e99684f27148"},
    {file = "pygame_ce-2.5.0-cp310-cp310-win32.whl", hash = "sha256:9a3c8febec59a26e1be91250e6a040f10265f80f56132960329882df60a8f89b"},
    {file = "pygame_ce-2.5.0-cp310-cp310-win_amd64.whl", hash = "sha256:4a0b67a416190c3b774e9b740cf23a21ba27d2d679994378aa6c4bfa33317f69"},
    {file = "pygame_ce-2.5.0-cp311-cp311-macosx_10_11_x86_64.whl", hash = "sha256:2d6c7d931ed1fd68b5da213663bb8002ea688d5899f026dc4b73be9097c4e2a9"},
    {file = "pygame_ce-2.5.0-cp311-cp311-macosx_11_0_arm64.whl", hash = "sha256:e23dd76207308c4ecaa58cc417670924ba8327f325d61ca96aecc6915ebead22"},
    {file = "pygame_ce-2.5.0-cp311-cp311-manylinux_2_17_aarch64.manylinux2014_aarch64.whl", hash = "sha256:a7f8f251b53d0b0dc68095571f222478531093ac1aec0b96bcfe8551c32bc76d"},
    {file = "pygame_ce-2.5.0-cp311-cp311-manylinux_2_17_i686.manylinux2014_i686.whl", hash = "sha256:7b67975e22f2f0670de5b3570e08b2518d9daf7ed19af51441907ac9804d3e5a"},
    {file = "pygame_ce-2.5.0-cp311-cp311-manylinux_2_17_x86_64.manylinux2014_x86_64.whl", hash = "sha256:5ac59c88d520a0d5a57cf82b952b1b62839bc869757744d1c972ed036c05aad1"},
    {file = "pygame_ce-2.5.0-cp311-cp311-win32.whl", hash = "sha256:09cc46ffb45a2db64f8ee593bee09f883a57fa15936828d2c1d367853ed44bfa"},
    {file = "pygame_ce-2.5.0-cp311-cp311-win_amd64.whl", hash = "sha256:8d78324f2372d22bdb81485b1415b8a6e5c98d69bb65b3ee1bfb2a30f3e5f715"},
    {file = "pygame_ce-2.5.0-cp312-cp312-macosx_10_11_x86_64.whl", hash = "sha256:f20a4f82252e27d31dc111da807803d227f5b16877d904bf511a1cad7ec41596"},
    {file = "pygame_ce-2.5.0-cp312-cp312-macosx_11_0_arm64.whl", hash = "sha256:72f5abd7045d9158c9728ab84449c0eedaebecc56b3fa28b271f77f70c3127bb"},
    {file = "pygame_ce-2.5.0-cp312-cp312-manylinux_2_17_aarch64.manylinux2014_aarch64.whl", hash = "sha256:abef08bdf347b5ec33b98bb162c435749047e790db736594d6f4c85464cd7d35"},
    {file = "pygame_ce-2.5.0-cp312-cp312-manylinux_2_17_i686.manylinux2014_i686.whl", hash = "sha256:18f20596a118403bb9fd7c065aa5c1d846ff6248f2e49b3605ca08a09f73d7a6"},
    {file = "pygame_ce-2.5.0-cp312-cp312-manylinux_2_17_x86_64.manylinux2014_x86_64.whl", hash = "sha256:87ea2512b573e0706c0e3181d9a16dc9f8c71df8cf5dde31b7430f585cd39385"},
    {file = "pygame_ce-2.5.0-cp312-cp312-win32.whl", hash = "sha256:53a23cd31fa38b9908687c84b9d845669735476a10799323dc8adf050fc0b7c6"},
    {file = "pygame_ce-2.5.0-cp312-cp312-win_amd64.whl", hash = "sha256:2b290ca88e70c14b6a5184c54348334167bba35d2eb00c1c9a7e5179bcbaee40"},
    {file = "pygame_ce-2.5.0-cp38-cp38-macosx_10_11_x86_64.whl", hash = "sha256:ca6c3f72ecfc196d87bb53f186bfbd8bc45274aa6bb1265ad419cb2f5501c9df"},
    {file = "pygame_ce-2.5.0-cp38-cp38-macosx_11_0_arm64.whl", hash = "sha256:731dd171e7a54d13f6cb652862a37f32f141e39b18f2ba1e011f5166bd382059"},
    {file = "pygame_ce-2.5.0-cp38-cp38-manylinux_2_17_aarch64.manylinux2014_aarch64.whl", hash = "sha256:2647de29bc5bcd054504e0883663c91b2ffe8a7a10c7c0bce9968d3c06e75959"},
    {file = "pygame_ce-2.5.0-cp38-cp38-manylinux_2_17_i686.manylinux2014_i686.whl", hash = "sha256:48c59cd987870452b4bf26f8061147a509f0c97ee2f1d9f943c40c8f18102340"},
    {file = "pygame_ce-2.5.0-cp38-cp38-manylinux_2_17_x86_64.manylinux2014_x86_64.whl", hash = "sha256:70c90304aa37290d2fc10919871cf1d6ec894c016ef979c1ee3d1e868bda17b0"},
    {file = "pygame_ce-2.5.0-cp38-cp38-win32.whl", hash = "sha256:ef5fbe3f670d4efd6223d863bcd5cfa867167d86ca4c551b11754f748b7367b0"},
    {file = "pygame_ce-2.5.0-cp38-cp38-win_amd64.whl", hash = "sha256:f17aa8d52cfd0bc1f02b7a06c8020bedd2e4de9894ffddfd5642605ce7f92d9a"},
    {file = "pygame_ce-2.5.0-cp39-cp39-macosx_10_11_x86_64.whl", hash = "sha256:204d4b13f9ade51c175bacca7c88e0b0b525a8d9a3798c4d7a3b80553b21321f"},
    {file = "pygame_ce-2.5.0-cp39-cp39-macosx_11_0_arm64.whl", hash = "sha256:eefb3d308e87d9f9bcd568780dff7f3ef96029ad2bba5efae3dc2d147d6aca6e"},
    {file = "pygame_ce-2.5.0-cp39-cp39-manylinux_2_17_aarch64.manylinux2014_aarch64.whl", hash = "sha256:ba7cf80909a7c81eccc3ec8af65041be8f97f441ca3d4ac185cbe2d04cb557eb"},
    {file = "pygame_ce-2.5.0-cp39-cp39-manylinux_2_17_i686.manylinux2014_i686.whl", hash = "sha256:088a4201e16b43409f45b99c5c14bcb84810d09bb46d32a5b9f28eb674f65e03"},
    {file = "pygame_ce-2.5.0-cp39-cp39-manylinux_2_17_x86_64.manylinux2014_x86_64.whl", hash = "sha256:c6737a74be09ab94348f46dae3c6c97493e5928ff6d9e8ac58ce5cc7e5542738"},
    {file = "pygame_ce-2.5.0-cp39-cp39-win32.whl", hash = "sha256:ff2921a685ab0d5c1884b8a931963393b656d98ef9aad4274b5a1c7ad96c8994"},
    {file = "pygame_ce-2.5.0-cp39-cp39-win_amd64.whl", hash = "sha256:6ccc2deb07f457385595d2e77eee2ac6416e5b0e426a18f1d1bbd1600062d4f7"},
    {file = "pygame_ce-2.5.0-pp310-pypy310_pp73-macosx_10_11_x86_64.whl", hash = "sha256:38601022b200d87cd918e0d6d8c99b4e86a1e92e727c325dcaf8a59ad1c667a6"},
    {file = "pygame_ce-2.5.0-pp310-pypy310_pp73-manylinux_2_17_aarch64.manylinux2014_aarch64.whl", hash = "sha256:541df74359a42c254536d48e00b039e7c4ffad54c66b0471bb9f3480133c8b08"},
    {file = "pygame_ce-2.5.0-pp310-pypy310_pp73-manylinux_2_17_i686.manylinux2014_i686.whl", hash = "sha256:94c5e63b49b94d52ed8b60cd888fd119d2825a801356328b310e345854650fec"},
    {file = "pygame_ce-2.5.0-pp310-pypy310_pp73-manylinux_2_17_x86_64.manylinux2014_x86_64.whl", hash = "sha256:df482729ddd6fc45e8329e68d4bb05eb93c06d6527b15f5b2e14146c249b3025"},
    {file = "pygame_ce-2.5.0-pp310-pypy310_pp73-win_amd64.whl", hash = "sha256:eb8f4d3cc70c0ece2105017ffe710468a1cc70f0fbe63d71782f94a929097e88"},
    {file = "pygame_ce-2.5.0-pp38-pypy38_pp73-macosx_10_11_x86_64.whl", hash = "sha256:feb4cb900c7e788cffd1d1c8a9db7097809d974440cdd47871217a489f628604"},
    {file = "pygame_ce-2.5.0-pp38-pypy38_pp73-manylinux_2_17_aarch64.manylinux2014_aarch64.whl", hash = "sha256:8226dab63413dad487cd748cf959aa8c9dfdec9e12122347c2fb14493c7e697a"},
    {file = "pygame_ce-2.5.0-pp38-pypy38_pp73-manylinux_2_17_i686.manylinux2014_i686.whl", hash = "sha256:03503aa4059168a1c4d0c42b95b289496834ef3234d06d1a6e842ed34c32b797"},
    {file = "pygame_ce-2.5.0-pp38-pypy38_pp73-manylinux_2_17_x86_64.manylinux2014_x86_64.whl", hash = "sha256:c4063cb05e924771a90231561826790225a09d7de3f5ed9bef7de8460e9f5b48"},
    {file = "pygame_ce-2.5.0-pp38-pypy38_pp73-win_amd64.whl", hash = "sha256:98f271736e7a7b327bc88ce7e80129d7ea25869660224596a18220ae4e9e7e58"},
    {file = "pygame_ce-2.5.0-pp39-pypy39_pp73-macosx_10_11_x86_64.whl", hash = "sha256:eda9631ba4fa8a46f5c358abfc32473c50ed96408fa9031fdac98e2290a3e56f"},
    {file = "pygame_ce-2.5.0-pp39-pypy39_pp73-manylinux_2_17_aarch64.manylinux2014_aarch64.whl", hash = "sha256:f980f44f13eb178f719599f87f2f3b13afd0ef3ac796761797d16f45c68a15b8"},
    {file = "pygame_ce-2.5.0-pp39-pypy39_pp73-manylinux_2_17_i686.manylinux2014_i686.whl", hash = "sha256:2937ca1d80b40520621c3100c7a4dc47cc912c7f93450fc3dcb92be5e28135c5"},
    {file = "pygame_ce-2.5.0-pp39-pypy39_pp73-manylinux_2_17_x86_64.manylinux2014_x86_64.whl", hash = "sha256:6ef61b7d38b2764f457aaf7b0dcd5b38b2c896c7fb7dc9183254ee128fb280ef"},
    {file = "pygame_ce-2.5.0-pp39-pypy39_pp73-win_amd64.whl", hash = "sha256:60ce604fc29891746ecbe53aa5b1130e329b56e27aa8a6df8ef31fa6515f53e6"},
    {file = "pygame_ce-2.5.0.tar.gz", hash = "sha256:76d47c6b49237ffff7656e4bebc4032a89f6025b70bfad7cb0fb4be2bfdcbe77"},
]

[metadata]
lock-version = "2.0"
python-versions = "^3.8"
content-hash = "965d89daa7cc4e6531013400bcd65686207e92ca681c695e7deb1ef093d18610"
